
Microsoft Visual Studio Solution File, Format Version 12.00
# Visual Studio Version 16
VisualStudioVersion = 16.0.810.23
MinimumVisualStudioVersion = 10.0.40219.1
Project("{FAE04EC0-301F-11D3-BF4B-00C04F79EFBC}") = "Variables", "Variables.csproj", "{97404D84-34B3-438A-9F33-5A3BC10BE1D3}"
EndProject
Global
	GlobalSection(SolutionConfigurationPlatforms) = preSolution
		Debug|Any CPU = Debug|Any CPU
		Release|Any CPU = Release|Any CPU
	EndGlobalSection
	GlobalSection(ProjectConfigurationPlatforms) = postSolution
		{97404D84-34B3-438A-9F33-5A3BC10BE1D3}.Debug|Any CPU.ActiveCfg = Debug|Any CPU
		{97404D84-34B3-438A-9F33-5A3BC10BE1D3}.Debug|Any CPU.Build.0 = Debug|Any CPU
		{97404D84-34B3-438A-9F33-5A3BC10BE1D3}.Release|Any CPU.ActiveCfg = Release|Any CPU
		{97404D84-34B3-438A-9F33-5A3BC10BE1D3}.Release|Any CPU.Build.0 = Release|Any CPU
	EndGlobalSection
	GlobalSection(SolutionProperties) = preSolution
		HideSolutionNode = FALSE
	EndGlobalSection
	GlobalSection(ExtensibilityGlobals) = postSolution
		SolutionGuid = {4F062939-E08A-48D7-8F7B-DEF339CF2996}
	EndGlobalSection
EndGlobal
